
Microsoft Visual Studio Solution File, Format Version 12.00
# Visual Studio Version 17
VisualStudioVersion = 17.11.35219.272
MinimumVisualStudioVersion = 10.0.40219.1
Project("{FAE04EC0-301F-11D3-BF4B-00C04F79EFBC}") = "ProjetoTCC", "ProjetoTCC.csproj", "{1E879A0A-D45C-4FDE-BAD4-FC650A86AE27}"
EndProject
Global
	GlobalSection(SolutionConfigurationPlatforms) = preSolution
		Debug|Any CPU = Debug|Any CPU
		Release|Any CPU = Release|Any CPU
	EndGlobalSection
	GlobalSection(ProjectConfigurationPlatforms) = postSolution
		{1E879A0A-D45C-4FDE-BAD4-FC650A86AE27}.Debug|Any CPU.ActiveCfg = Debug|Any CPU
		{1E879A0A-D45C-4FDE-BAD4-FC650A86AE27}.Debug|Any CPU.Build.0 = Debug|Any CPU
		{1E879A0A-D45C-4FDE-BAD4-FC650A86AE27}.Debug|Any CPU.Deploy.0 = Debug|Any CPU
		{1E879A0A-D45C-4FDE-BAD4-FC650A86AE27}.Release|Any CPU.ActiveCfg = Release|Any CPU
		{1E879A0A-D45C-4FDE-BAD4-FC650A86AE27}.Release|Any CPU.Build.0 = Release|Any CPU
		{1E879A0A-D45C-4FDE-BAD4-FC650A86AE27}.Release|Any CPU.Deploy.0 = Release|Any CPU
	EndGlobalSection
	GlobalSection(SolutionProperties) = preSolution
		HideSolutionNode = FALSE
	EndGlobalSection
	GlobalSection(ExtensibilityGlobals) = postSolution
		SolutionGuid = {DF129301-5CF5-4A76-87F3-EAC43488F41A}
	EndGlobalSection
EndGlobal
